
Microsoft Visual Studio Solution File, Format Version 12.00
# Visual Studio Version 17
VisualStudioVersion = 17.0.31903.59
MinimumVisualStudioVersion = 10.0.40219.1
Project("{FAE04EC0-301F-11D3-BF4B-00C04F79EFBC}") = "Libraries.OpenRouterClient", "Libraries.OpenRouterAPI\Libraries.OpenRouterClient.csproj", "{D85A62FC-3B15-43A3-966F-B2ADFFAF917E}"
EndProject
Project("{FAE04EC0-301F-11D3-BF4B-00C04F79EFBC}") = "Libraries.OpenRouterClient.UnitTest", "Libraries.OpenRouterAPI.UnitTest\Libraries.OpenRouterClient.UnitTest.csproj", "{93471020-848B-4D94-AC27-51A2EBE8A7E0}"
EndProject
Global
	GlobalSection(SolutionConfigurationPlatforms) = preSolution
		Debug|Any CPU = Debug|Any CPU
		Release|Any CPU = Release|Any CPU
	EndGlobalSection
	GlobalSection(ProjectConfigurationPlatforms) = postSolution
		{D85A62FC-3B15-43A3-966F-B2ADFFAF917E}.Debug|Any CPU.ActiveCfg = Debug|Any CPU
		{D85A62FC-3B15-43A3-966F-B2ADFFAF917E}.Debug|Any CPU.Build.0 = Debug|Any CPU
		{D85A62FC-3B15-43A3-966F-B2ADFFAF917E}.Release|Any CPU.ActiveCfg = Release|Any CPU
		{D85A62FC-3B15-43A3-966F-B2ADFFAF917E}.Release|Any CPU.Build.0 = Release|Any CPU
		{93471020-848B-4D94-AC27-51A2EBE8A7E0}.Debug|Any CPU.ActiveCfg = Debug|Any CPU
		{93471020-848B-4D94-AC27-51A2EBE8A7E0}.Debug|Any CPU.Build.0 = Debug|Any CPU
		{93471020-848B-4D94-AC27-51A2EBE8A7E0}.Release|Any CPU.ActiveCfg = Release|Any CPU
		{93471020-848B-4D94-AC27-51A2EBE8A7E0}.Release|Any CPU.Build.0 = Release|Any CPU
	EndGlobalSection
	GlobalSection(SolutionProperties) = preSolution
		HideSolutionNode = FALSE
	EndGlobalSection
EndGlobal
